
Microsoft Visual Studio Solution File, Format Version 11.00
# Visual Studio 2010
Project("{FAE04EC0-301F-11D3-BF4B-00C04F79EFBC}") = "Unity.Timeline", "Unity.Timeline.csproj", "{23fc2545-0668-d35d-82f1-ba5d1d7c56a5}"
EndProject
Project("{FAE04EC0-301F-11D3-BF4B-00C04F79EFBC}") = "Unity.PlasticSCM.Editor", "Unity.PlasticSCM.Editor.csproj", "{e5acd83f-1948-a3d2-05df-8aabda0a7c52}"
EndProject
Project("{FAE04EC0-301F-11D3-BF4B-00C04F79EFBC}") = "Unity.InputSystem", "Unity.InputSystem.csproj", "{c335b651-3c66-3f2a-416b-372987f6b9a9}"
EndProject
Project("{FAE04EC0-301F-11D3-BF4B-00C04F79EFBC}") = "Unity.VisualScripting.Flow", "Unity.VisualScripting.Flow.csproj", "{a670e047-7486-8c03-7613-949e2766ea2b}"
EndProject
Project("{FAE04EC0-301F-11D3-BF4B-00C04F79EFBC}") = "Unity.Timeline.Editor", "Unity.Timeline.Editor.csproj", "{a90d54d2-c347-b855-4be5-13900f3783cf}"
EndProject
Project("{FAE04EC0-301F-11D3-BF4B-00C04F79EFBC}") = "Unity.Multiplayer.Center.Editor", "Unity.Multiplayer.Center.Editor.csproj", "{7049ab2b-f4af-c1b8-f1ab-a6561ab3f3a5}"
EndProject
Project("{FAE04EC0-301F-11D3-BF4B-00C04F79EFBC}") = "Unity.VisualScripting.Core.Editor", "Unity.VisualScripting.Core.Editor.csproj", "{8e1d537f-88f0-b821-e68f-e8c96da67539}"
EndProject
Project("{FAE04EC0-301F-11D3-BF4B-00C04F79EFBC}") = "UnityEngine.UI", "UnityEngine.UI.csproj", "{dc076ca8-e5dd-38a4-331e-a69cf30c44d6}"
EndProject
Project("{FAE04EC0-301F-11D3-BF4B-00C04F79EFBC}") = "UnityEditor.TestRunner", "UnityEditor.TestRunner.csproj", "{a2ea3314-00dc-d674-1e66-24275a8a4bf6}"
EndProject
Project("{FAE04EC0-301F-11D3-BF4B-00C04F79EFBC}") = "UnityEngine.TestRunner", "UnityEngine.TestRunner.csproj", "{8b00dee7-9df3-29ef-7579-e40a67e9839c}"
EndProject
Project("{FAE04EC0-301F-11D3-BF4B-00C04F79EFBC}") = "Unity.VisualScripting.Core", "Unity.VisualScripting.Core.csproj", "{97f39253-346a-ab6f-8ef0-f0f348452d7f}"
EndProject
Project("{FAE04EC0-301F-11D3-BF4B-00C04F79EFBC}") = "Unity.VisualScripting.Flow.Editor", "Unity.VisualScripting.Flow.Editor.csproj", "{c0483c71-b630-0d14-31fa-399b7592988b}"
EndProject
Project("{FAE04EC0-301F-11D3-BF4B-00C04F79EFBC}") = "Unity.AI.Navigation.Editor", "Unity.AI.Navigation.Editor.csproj", "{098ffd31-95c7-c462-c21d-d1b2b205ea4a}"
EndProject
Project("{FAE04EC0-301F-11D3-BF4B-00C04F79EFBC}") = "Unity.VisualStudio.Editor", "Unity.VisualStudio.Editor.csproj", "{6f2a5f48-c70c-9b30-4a72-56c29814c9e4}"
EndProject
Project("{FAE04EC0-301F-11D3-BF4B-00C04F79EFBC}") = "Unity.TextMeshPro.Editor", "Unity.TextMeshPro.Editor.csproj", "{146eeba9-8397-22ee-b869-1e7ba935f3fe}"
EndProject
Project("{FAE04EC0-301F-11D3-BF4B-00C04F79EFBC}") = "Unity.TestTools.CodeCoverage.Editor.OpenCover.Model", "Unity.TestTools.CodeCoverage.Editor.OpenCover.Model.csproj", "{74bb42ef-4614-f476-75cf-625532e2d885}"
EndProject
Project("{FAE04EC0-301F-11D3-BF4B-00C04F79EFBC}") = "Unity.Rider.Editor", "Unity.Rider.Editor.csproj", "{383259d5-1155-2996-258a-c58da588f037}"
EndProject
Project("{FAE04EC0-301F-11D3-BF4B-00C04F79EFBC}") = "Unity.CollabProxy.Editor", "Unity.CollabProxy.Editor.csproj", "{54a155db-c54a-49a4-1341-d030e085f551}"
EndProject
Project("{FAE04EC0-301F-11D3-BF4B-00C04F79EFBC}") = "Unity.AI.Navigation.Editor.ConversionSystem", "Unity.AI.Navigation.Editor.ConversionSystem.csproj", "{73bb4d31-0a58-250b-59e2-6dd673750d1b}"
EndProject
Project("{FAE04EC0-301F-11D3-BF4B-00C04F79EFBC}") = "Unity.VisualScripting.State.Editor", "Unity.VisualScripting.State.Editor.csproj", "{51d27c2c-0158-fff9-51f0-33ede99219ea}"
EndProject
Project("{FAE04EC0-301F-11D3-BF4B-00C04F79EFBC}") = "Unity.TestTools.CodeCoverage.Editor", "Unity.TestTools.CodeCoverage.Editor.csproj", "{72c541fa-0093-81a8-4032-ee4927cc5a33}"
EndProject
Project("{FAE04EC0-301F-11D3-BF4B-00C04F79EFBC}") = "Unity.AI.Navigation", "Unity.AI.Navigation.csproj", "{9581523a-924f-e25d-62e2-9626e2b78c2e}"
EndProject
Project("{FAE04EC0-301F-11D3-BF4B-00C04F79EFBC}") = "Unity.VisualScripting.State", "Unity.VisualScripting.State.csproj", "{5a70c1c2-2dbb-0025-5203-3b8d1ebabeb0}"
EndProject
Project("{FAE04EC0-301F-11D3-BF4B-00C04F79EFBC}") = "Unity.Performance.Profile-Analyzer.Editor", "Unity.Performance.Profile-Analyzer.Editor.csproj", "{0b407deb-3902-87b5-05f6-5dc1356fb32a}"
EndProject
Project("{FAE04EC0-301F-11D3-BF4B-00C04F79EFBC}") = "UnityEditor.UI", "UnityEditor.UI.csproj", "{999d52f4-09a0-49c0-b431-75aef2cf90ed}"
EndProject
Project("{FAE04EC0-301F-11D3-BF4B-00C04F79EFBC}") = "Unity.TextMeshPro", "Unity.TextMeshPro.csproj", "{d445d1fe-d593-e4b4-1b91-70d39cd3971d}"
EndProject
Project("{FAE04EC0-301F-11D3-BF4B-00C04F79EFBC}") = "Unity.VisualScripting.SettingsProvider.Editor", "Unity.VisualScripting.SettingsProvider.Editor.csproj", "{64c53276-c1c0-da72-640d-c048b5bac0ba}"
EndProject
Project("{FAE04EC0-301F-11D3-BF4B-00C04F79EFBC}") = "Assembly-CSharp", "Assembly-CSharp.csproj", "{5742f7d0-b2f6-eadc-fc51-aa11c694d4b0}"
EndProject
Project("{FAE04EC0-301F-11D3-BF4B-00C04F79EFBC}") = "Unity.TestTools.CodeCoverage.Editor.OpenCover.Mono.Reflection", "Unity.TestTools.CodeCoverage.Editor.OpenCover.Mono.Reflection.csproj", "{f68a036b-11c8-d435-ce6b-42b348f43ae3}"
EndProject
Project("{FAE04EC0-301F-11D3-BF4B-00C04F79EFBC}") = "Unity.AI.Navigation.Updater", "Unity.AI.Navigation.Updater.csproj", "{b093e886-1b81-51d0-c678-5ddd6152430c}"
EndProject
Project("{FAE04EC0-301F-11D3-BF4B-00C04F79EFBC}") = "Unity.Settings.Editor", "Unity.Settings.Editor.csproj", "{598122f8-56f4-c2e6-b45f-fc7cf82b010f}"
EndProject
Project("{FAE04EC0-301F-11D3-BF4B-00C04F79EFBC}") = "Unity.InputSystem.DocCodeSamples", "Unity.InputSystem.DocCodeSamples.csproj", "{f99cace8-f4b6-9b13-dc53-72854923b759}"
EndProject
Project("{FAE04EC0-301F-11D3-BF4B-00C04F79EFBC}") = "Unity.Multiplayer.Center.Common", "Unity.Multiplayer.Center.Common.csproj", "{fdd643f6-4bd2-31ed-5d64-650c4c8f9991}"
EndProject
Project("{FAE04EC0-301F-11D3-BF4B-00C04F79EFBC}") = "Unity.InputSystem.ForUI", "Unity.InputSystem.ForUI.csproj", "{59e9fd14-6b52-ddc8-1b4c-24f0a51e82bb}"
EndProject
Project("{FAE04EC0-301F-11D3-BF4B-00C04F79EFBC}") = "Unity.InputSystem.TestFramework", "Unity.InputSystem.TestFramework.csproj", "{d9206ad3-18f5-6748-9626-81d376e3ea58}"
EndProject
Project("{FAE04EC0-301F-11D3-BF4B-00C04F79EFBC}") = "Unity.VisualScripting.Shared.Editor", "Unity.VisualScripting.Shared.Editor.csproj", "{0bc58120-1abc-9290-3d50-1824b4e9dcdd}"
EndProject
Project("{FAE04EC0-301F-11D3-BF4B-00C04F79EFBC}") = "Unity.EditorCoroutines.Editor", "Unity.EditorCoroutines.Editor.csproj", "{7dfadbbb-a8cf-ee25-7ba7-0c3af9738d4a}"
EndProject
Project("{FAE04EC0-301F-11D3-BF4B-00C04F79EFBC}") = "Unity.PlasticSCM.Editor.Entities", "Unity.PlasticSCM.Editor.Entities.csproj", "{6f9b56b5-0efa-90dd-e836-9c266ff11acb}"
EndProject
Project("{FAE04EC0-301F-11D3-BF4B-00C04F79EFBC}") = "TestNewCustomAssembly", "TestNewCustomAssembly.csproj", "{59fe5841-be5d-fd1a-5882-2f9bf95b5786}"
EndProject
Project("{FAE04EC0-301F-11D3-BF4B-00C04F79EFBC}") = "Unity.AI.Navigation.Tests.EditorInPlaymode", "Unity.AI.Navigation.Tests.EditorInPlaymode.csproj", "{1f53ad79-ed41-d88c-b76b-f1435e4dcd38}"
EndProject
Project("{FAE04EC0-301F-11D3-BF4B-00C04F79EFBC}") = "Assembly-CSharp-Editor", "Assembly-CSharp-Editor.csproj", "{38193580-7ca3-3ff0-ad7d-072aa384a0cf}"
EndProject
Project("{FAE04EC0-301F-11D3-BF4B-00C04F79EFBC}") = "Unity.AI.Navigation.Tests", "Unity.AI.Navigation.Tests.csproj", "{772d65d6-e821-f14e-61b1-7681bfe6e4f5}"
EndProject
Project("{FAE04EC0-301F-11D3-BF4B-00C04F79EFBC}") = "Unity.TestTools.CodeCoverage.Editor.Compatibility", "Unity.TestTools.CodeCoverage.Editor.Compatibility.csproj", "{ae647da4-7345-6ad9-58a4-a6cf5e2d56ef}"
EndProject
Project("{FAE04EC0-301F-11D3-BF4B-00C04F79EFBC}") = "Unity.TextMeshPro.Editor.Tests", "Unity.TextMeshPro.Editor.Tests.csproj", "{7b244808-364d-fa50-00c8-3ba70eb24640}"
EndProject
Project("{FAE04EC0-301F-11D3-BF4B-00C04F79EFBC}") = "DocCodeExamples", "DocCodeExamples.csproj", "{111f2c37-8802-d7c4-2d19-15ed08172213}"
EndProject
Project("{FAE04EC0-301F-11D3-BF4B-00C04F79EFBC}") = "Unity.Multiplayer.Center.Tests", "Unity.Multiplayer.Center.Tests.csproj", "{da28e5aa-f52c-0252-61d6-86cc85a8af88}"
EndProject
Project("{FAE04EC0-301F-11D3-BF4B-00C04F79EFBC}") = "Unity.Performance.Profile-Analyzer.EditorTests", "Unity.Performance.Profile-Analyzer.EditorTests.csproj", "{d4d5563e-3812-f371-180b-a20a0b24dd14}"
EndProject
Project("{FAE04EC0-301F-11D3-BF4B-00C04F79EFBC}") = "Unity.AI.Navigation.LegacyOffMeshLink.Tests", "Unity.AI.Navigation.LegacyOffMeshLink.Tests.csproj", "{7a6c713b-fb51-9abb-d215-4522278a69c4}"
EndProject
Project("{FAE04EC0-301F-11D3-BF4B-00C04F79EFBC}") = "Unity.Multiplayer.Center.Editor.Tests", "Unity.Multiplayer.Center.Editor.Tests.csproj", "{8e5f02d1-3fe1-fcf2-7bc4-3cc3ad8574b1}"
EndProject
Project("{FAE04EC0-301F-11D3-BF4B-00C04F79EFBC}") = "Unity.Settings.Tests", "Unity.Settings.Tests.csproj", "{81db42fd-6c7c-fbe8-84f9-85f5b2ab3910}"
EndProject
Project("{FAE04EC0-301F-11D3-BF4B-00C04F79EFBC}") = "Unity.AI.Navigation.Editor.Tests", "Unity.AI.Navigation.Editor.Tests.csproj", "{486adc7c-ad78-cca1-9042-49adce0c0199}"
EndProject
Project("{FAE04EC0-301F-11D3-BF4B-00C04F79EFBC}") = "UnityEngine.UI.Tests", "UnityEngine.UI.Tests.csproj", "{36a7ad51-a624-58d0-a410-bd70a6423c2b}"
EndProject
Project("{FAE04EC0-301F-11D3-BF4B-00C04F79EFBC}") = "Unity.InputSystem.IntegrationTests", "Unity.InputSystem.IntegrationTests.csproj", "{6bca5b7c-8c3d-01df-1db3-e25b774a15aa}"
EndProject
Project("{FAE04EC0-301F-11D3-BF4B-00C04F79EFBC}") = "Unity.TextMeshPro.Tests", "Unity.TextMeshPro.Tests.csproj", "{0c59fa90-73fd-b5e4-854f-a8252229bd4b}"
EndProject
Project("{FAE04EC0-301F-11D3-BF4B-00C04F79EFBC}") = "UnityEditor.UI.EditorTests", "UnityEditor.UI.EditorTests.csproj", "{da64f7a2-3767-935b-e476-d617d93459ec}"
EndProject
Global
	GlobalSection(SolutionConfigurationPlatforms) = preSolution
		Debug|Any CPU = Debug|Any CPU
	EndGlobalSection
	GlobalSection(ProjectConfigurationPlatforms) = postSolution
		{23fc2545-0668-d35d-82f1-ba5d1d7c56a5}.Debug|Any CPU.ActiveCfg = Debug|Any CPU
		{23fc2545-0668-d35d-82f1-ba5d1d7c56a5}.Debug|Any CPU.Build.0 = Debug|Any CPU
		{e5acd83f-1948-a3d2-05df-8aabda0a7c52}.Debug|Any CPU.ActiveCfg = Debug|Any CPU
		{e5acd83f-1948-a3d2-05df-8aabda0a7c52}.Debug|Any CPU.Build.0 = Debug|Any CPU
		{c335b651-3c66-3f2a-416b-372987f6b9a9}.Debug|Any CPU.ActiveCfg = Debug|Any CPU
		{c335b651-3c66-3f2a-416b-372987f6b9a9}.Debug|Any CPU.Build.0 = Debug|Any CPU
		{a670e047-7486-8c03-7613-949e2766ea2b}.Debug|Any CPU.ActiveCfg = Debug|Any CPU
		{a670e047-7486-8c03-7613-949e2766ea2b}.Debug|Any CPU.Build.0 = Debug|Any CPU
		{a90d54d2-c347-b855-4be5-13900f3783cf}.Debug|Any CPU.ActiveCfg = Debug|Any CPU
		{a90d54d2-c347-b855-4be5-13900f3783cf}.Debug|Any CPU.Build.0 = Debug|Any CPU
		{7049ab2b-f4af-c1b8-f1ab-a6561ab3f3a5}.Debug|Any CPU.ActiveCfg = Debug|Any CPU
		{7049ab2b-f4af-c1b8-f1ab-a6561ab3f3a5}.Debug|Any CPU.Build.0 = Debug|Any CPU
		{8e1d537f-88f0-b821-e68f-e8c96da67539}.Debug|Any CPU.ActiveCfg = Debug|Any CPU
		{8e1d537f-88f0-b821-e68f-e8c96da67539}.Debug|Any CPU.Build.0 = Debug|Any CPU
		{dc076ca8-e5dd-38a4-331e-a69cf30c44d6}.Debug|Any CPU.ActiveCfg = Debug|Any CPU
		{dc076ca8-e5dd-38a4-331e-a69cf30c44d6}.Debug|Any CPU.Build.0 = Debug|Any CPU
		{a2ea3314-00dc-d674-1e66-24275a8a4bf6}.Debug|Any CPU.ActiveCfg = Debug|Any CPU
		{a2ea3314-00dc-d674-1e66-24275a8a4bf6}.Debug|Any CPU.Build.0 = Debug|Any CPU
		{8b00dee7-9df3-29ef-7579-e40a67e9839c}.Debug|Any CPU.ActiveCfg = Debug|Any CPU
		{8b00dee7-9df3-29ef-7579-e40a67e9839c}.Debug|Any CPU.Build.0 = Debug|Any CPU
		{97f39253-346a-ab6f-8ef0-f0f348452d7f}.Debug|Any CPU.ActiveCfg = Debug|Any CPU
		{97f39253-346a-ab6f-8ef0-f0f348452d7f}.Debug|Any CPU.Build.0 = Debug|Any CPU
		{c0483c71-b630-0d14-31fa-399b7592988b}.Debug|Any CPU.ActiveCfg = Debug|Any CPU
		{c0483c71-b630-0d14-31fa-399b7592988b}.Debug|Any CPU.Build.0 = Debug|Any CPU
		{098ffd31-95c7-c462-c21d-d1b2b205ea4a}.Debug|Any CPU.ActiveCfg = Debug|Any CPU
		{098ffd31-95c7-c462-c21d-d1b2b205ea4a}.Debug|Any CPU.Build.0 = Debug|Any CPU
		{6f2a5f48-c70c-9b30-4a72-56c29814c9e4}.Debug|Any CPU.ActiveCfg = Debug|Any CPU
		{6f2a5f48-c70c-9b30-4a72-56c29814c9e4}.Debug|Any CPU.Build.0 = Debug|Any CPU
		{146eeba9-8397-22ee-b869-1e7ba935f3fe}.Debug|Any CPU.ActiveCfg = Debug|Any CPU
		{146eeba9-8397-22ee-b869-1e7ba935f3fe}.Debug|Any CPU.Build.0 = Debug|Any CPU
		{74bb42ef-4614-f476-75cf-625532e2d885}.Debug|Any CPU.ActiveCfg = Debug|Any CPU
		{74bb42ef-4614-f476-75cf-625532e2d885}.Debug|Any CPU.Build.0 = Debug|Any CPU
		{383259d5-1155-2996-258a-c58da588f037}.Debug|Any CPU.ActiveCfg = Debug|Any CPU
		{383259d5-1155-2996-258a-c58da588f037}.Debug|Any CPU.Build.0 = Debug|Any CPU
		{54a155db-c54a-49a4-1341-d030e085f551}.Debug|Any CPU.ActiveCfg = Debug|Any CPU
		{54a155db-c54a-49a4-1341-d030e085f551}.Debug|Any CPU.Build.0 = Debug|Any CPU
		{73bb4d31-0a58-250b-59e2-6dd673750d1b}.Debug|Any CPU.ActiveCfg = Debug|Any CPU
		{73bb4d31-0a58-250b-59e2-6dd673750d1b}.Debug|Any CPU.Build.0 = Debug|Any CPU
		{51d27c2c-0158-fff9-51f0-33ede99219ea}.Debug|Any CPU.ActiveCfg = Debug|Any CPU
		{51d27c2c-0158-fff9-51f0-33ede99219ea}.Debug|Any CPU.Build.0 = Debug|Any CPU
		{72c541fa-0093-81a8-4032-ee4927cc5a33}.Debug|Any CPU.ActiveCfg = Debug|Any CPU
		{72c541fa-0093-81a8-4032-ee4927cc5a33}.Debug|Any CPU.Build.0 = Debug|Any CPU
		{9581523a-924f-e25d-62e2-9626e2b78c2e}.Debug|Any CPU.ActiveCfg = Debug|Any CPU
		{9581523a-924f-e25d-62e2-9626e2b78c2e}.Debug|Any CPU.Build.0 = Debug|Any CPU
		{5a70c1c2-2dbb-0025-5203-3b8d1ebabeb0}.Debug|Any CPU.ActiveCfg = Debug|Any CPU
		{5a70c1c2-2dbb-0025-5203-3b8d1ebabeb0}.Debug|Any CPU.Build.0 = Debug|Any CPU
		{0b407deb-3902-87b5-05f6-5dc1356fb32a}.Debug|Any CPU.ActiveCfg = Debug|Any CPU
		{0b407deb-3902-87b5-05f6-5dc1356fb32a}.Debug|Any CPU.Build.0 = Debug|Any CPU
		{999d52f4-09a0-49c0-b431-75aef2cf90ed}.Debug|Any CPU.ActiveCfg = Debug|Any CPU
		{999d52f4-09a0-49c0-b431-75aef2cf90ed}.Debug|Any CPU.Build.0 = Debug|Any CPU
		{d445d1fe-d593-e4b4-1b91-70d39cd3971d}.Debug|Any CPU.ActiveCfg = Debug|Any CPU
		{d445d1fe-d593-e4b4-1b91-70d39cd3971d}.Debug|Any CPU.Build.0 = Debug|Any CPU
		{64c53276-c1c0-da72-640d-c048b5bac0ba}.Debug|Any CPU.ActiveCfg = Debug|Any CPU
		{64c53276-c1c0-da72-640d-c048b5bac0ba}.Debug|Any CPU.Build.0 = Debug|Any CPU
		{5742f7d0-b2f6-eadc-fc51-aa11c694d4b0}.Debug|Any CPU.ActiveCfg = Debug|Any CPU
		{5742f7d0-b2f6-eadc-fc51-aa11c694d4b0}.Debug|Any CPU.Build.0 = Debug|Any CPU
		{f68a036b-11c8-d435-ce6b-42b348f43ae3}.Debug|Any CPU.ActiveCfg = Debug|Any CPU
		{f68a036b-11c8-d435-ce6b-42b348f43ae3}.Debug|Any CPU.Build.0 = Debug|Any CPU
		{b093e886-1b81-51d0-c678-5ddd6152430c}.Debug|Any CPU.ActiveCfg = Debug|Any CPU
		{b093e886-1b81-51d0-c678-5ddd6152430c}.Debug|Any CPU.Build.0 = Debug|Any CPU
		{598122f8-56f4-c2e6-b45f-fc7cf82b010f}.Debug|Any CPU.ActiveCfg = Debug|Any CPU
		{598122f8-56f4-c2e6-b45f-fc7cf82b010f}.Debug|Any CPU.Build.0 = Debug|Any CPU
		{f99cace8-f4b6-9b13-dc53-72854923b759}.Debug|Any CPU.ActiveCfg = Debug|Any CPU
		{f99cace8-f4b6-9b13-dc53-72854923b759}.Debug|Any CPU.Build.0 = Debug|Any CPU
		{fdd643f6-4bd2-31ed-5d64-650c4c8f9991}.Debug|Any CPU.ActiveCfg = Debug|Any CPU
		{fdd643f6-4bd2-31ed-5d64-650c4c8f9991}.Debug|Any CPU.Build.0 = Debug|Any CPU
		{59e9fd14-6b52-ddc8-1b4c-24f0a51e82bb}.Debug|Any CPU.ActiveCfg = Debug|Any CPU
		{59e9fd14-6b52-ddc8-1b4c-24f0a51e82bb}.Debug|Any CPU.Build.0 = Debug|Any CPU
		{d9206ad3-18f5-6748-9626-81d376e3ea58}.Debug|Any CPU.ActiveCfg = Debug|Any CPU
		{d9206ad3-18f5-6748-9626-81d376e3ea58}.Debug|Any CPU.Build.0 = Debug|Any CPU
		{0bc58120-1abc-9290-3d50-1824b4e9dcdd}.Debug|Any CPU.ActiveCfg = Debug|Any CPU
		{0bc58120-1abc-9290-3d50-1824b4e9dcdd}.Debug|Any CPU.Build.0 = Debug|Any CPU
		{7dfadbbb-a8cf-ee25-7ba7-0c3af9738d4a}.Debug|Any CPU.ActiveCfg = Debug|Any CPU
		{7dfadbbb-a8cf-ee25-7ba7-0c3af9738d4a}.Debug|Any CPU.Build.0 = Debug|Any CPU
		{6f9b56b5-0efa-90dd-e836-9c266ff11acb}.Debug|Any CPU.ActiveCfg = Debug|Any CPU
		{6f9b56b5-0efa-90dd-e836-9c266ff11acb}.Debug|Any CPU.Build.0 = Debug|Any CPU
		{59fe5841-be5d-fd1a-5882-2f9bf95b5786}.Debug|Any CPU.ActiveCfg = Debug|Any CPU
		{59fe5841-be5d-fd1a-5882-2f9bf95b5786}.Debug|Any CPU.Build.0 = Debug|Any CPU
		{1f53ad79-ed41-d88c-b76b-f1435e4dcd38}.Debug|Any CPU.ActiveCfg = Debug|Any CPU
		{1f53ad79-ed41-d88c-b76b-f1435e4dcd38}.Debug|Any CPU.Build.0 = Debug|Any CPU
		{38193580-7ca3-3ff0-ad7d-072aa384a0cf}.Debug|Any CPU.ActiveCfg = Debug|Any CPU
		{38193580-7ca3-3ff0-ad7d-072aa384a0cf}.Debug|Any CPU.Build.0 = Debug|Any CPU
		{772d65d6-e821-f14e-61b1-7681bfe6e4f5}.Debug|Any CPU.ActiveCfg = Debug|Any CPU
		{772d65d6-e821-f14e-61b1-7681bfe6e4f5}.Debug|Any CPU.Build.0 = Debug|Any CPU
		{ae647da4-7345-6ad9-58a4-a6cf5e2d56ef}.Debug|Any CPU.ActiveCfg = Debug|Any CPU
		{ae647da4-7345-6ad9-58a4-a6cf5e2d56ef}.Debug|Any CPU.Build.0 = Debug|Any CPU
		{7b244808-364d-fa50-00c8-3ba70eb24640}.Debug|Any CPU.ActiveCfg = Debug|Any CPU
		{7b244808-364d-fa50-00c8-3ba70eb24640}.Debug|Any CPU.Build.0 = Debug|Any CPU
		{111f2c37-8802-d7c4-2d19-15ed08172213}.Debug|Any CPU.ActiveCfg = Debug|Any CPU
		{111f2c37-8802-d7c4-2d19-15ed08172213}.Debug|Any CPU.Build.0 = Debug|Any CPU
		{da28e5aa-f52c-0252-61d6-86cc85a8af88}.Debug|Any CPU.ActiveCfg = Debug|Any CPU
		{da28e5aa-f52c-0252-61d6-86cc85a8af88}.Debug|Any CPU.Build.0 = Debug|Any CPU
		{d4d5563e-3812-f371-180b-a20a0b24dd14}.Debug|Any CPU.ActiveCfg = Debug|Any CPU
		{d4d5563e-3812-f371-180b-a20a0b24dd14}.Debug|Any CPU.Build.0 = Debug|Any CPU
		{7a6c713b-fb51-9abb-d215-4522278a69c4}.Debug|Any CPU.ActiveCfg = Debug|Any CPU
		{7a6c713b-fb51-9abb-d215-4522278a69c4}.Debug|Any CPU.Build.0 = Debug|Any CPU
		{8e5f02d1-3fe1-fcf2-7bc4-3cc3ad8574b1}.Debug|Any CPU.ActiveCfg = Debug|Any CPU
		{8e5f02d1-3fe1-fcf2-7bc4-3cc3ad8574b1}.Debug|Any CPU.Build.0 = Debug|Any CPU
		{81db42fd-6c7c-fbe8-84f9-85f5b2ab3910}.Debug|Any CPU.ActiveCfg = Debug|Any CPU
		{81db42fd-6c7c-fbe8-84f9-85f5b2ab3910}.Debug|Any CPU.Build.0 = Debug|Any CPU
		{486adc7c-ad78-cca1-9042-49adce0c0199}.Debug|Any CPU.ActiveCfg = Debug|Any CPU
		{486adc7c-ad78-cca1-9042-49adce0c0199}.Debug|Any CPU.Build.0 = Debug|Any CPU
		{36a7ad51-a624-58d0-a410-bd70a6423c2b}.Debug|Any CPU.ActiveCfg = Debug|Any CPU
		{36a7ad51-a624-58d0-a410-bd70a6423c2b}.Debug|Any CPU.Build.0 = Debug|Any CPU
		{6bca5b7c-8c3d-01df-1db3-e25b774a15aa}.Debug|Any CPU.ActiveCfg = Debug|Any CPU
		{6bca5b7c-8c3d-01df-1db3-e25b774a15aa}.Debug|Any CPU.Build.0 = Debug|Any CPU
		{0c59fa90-73fd-b5e4-854f-a8252229bd4b}.Debug|Any CPU.ActiveCfg = Debug|Any CPU
		{0c59fa90-73fd-b5e4-854f-a8252229bd4b}.Debug|Any CPU.Build.0 = Debug|Any CPU
		{da64f7a2-3767-935b-e476-d617d93459ec}.Debug|Any CPU.ActiveCfg = Debug|Any CPU
		{da64f7a2-3767-935b-e476-d617d93459ec}.Debug|Any CPU.Build.0 = Debug|Any CPU
	EndGlobalSection
	GlobalSection(SolutionProperties) = preSolution
		HideSolutionNode = FALSE
	EndGlobalSection
EndGlobal
